
Microsoft Visual Studio Solution File, Format Version 12.00
# Visual Studio Version 17
VisualStudioVersion = 17.7.34031.279
MinimumVisualStudioVersion = 10.0.40219.1
Project("{FAE04EC0-301F-11D3-BF4B-00C04F79EFBC}") = "IMAP", "IMAP\IMAP.csproj", "{2A1D00AA-DB61-4C89-9B87-1623EDCC6F3C}"
EndProject
Global
	GlobalSection(SolutionConfigurationPlatforms) = preSolution
		Debug|Any CPU = Debug|Any CPU
		Release|Any CPU = Release|Any CPU
	EndGlobalSection
	GlobalSection(ProjectConfigurationPlatforms) = postSolution
		{2A1D00AA-DB61-4C89-9B87-1623EDCC6F3C}.Debug|Any CPU.ActiveCfg = Debug|Any CPU
		{2A1D00AA-DB61-4C89-9B87-1623EDCC6F3C}.Debug|Any CPU.Build.0 = Debug|Any CPU
		{2A1D00AA-DB61-4C89-9B87-1623EDCC6F3C}.Release|Any CPU.ActiveCfg = Release|Any CPU
		{2A1D00AA-DB61-4C89-9B87-1623EDCC6F3C}.Release|Any CPU.Build.0 = Release|Any CPU
	EndGlobalSection
	GlobalSection(SolutionProperties) = preSolution
		HideSolutionNode = FALSE
	EndGlobalSection
	GlobalSection(ExtensibilityGlobals) = postSolution
		SolutionGuid = {8B061E02-A68C-49DF-8445-9A2346208811}
	EndGlobalSection
EndGlobal
